
Microsoft Visual Studio Solution File, Format Version 12.00
# Visual Studio Version 17
VisualStudioVersion = 17.3.32922.545
MinimumVisualStudioVersion = 10.0.40219.1
Project("{8BC9CEB8-8B4A-11D0-8D11-00A0C91BC942}") = "Project1", "Project1\Project1.vcxproj", "{629E2654-677F-4550-A478-40AC5724E79F}"
EndProject
Project("{8BC9CEB8-8B4A-11D0-8D11-00A0C91BC942}") = "Project2", "Project2\Project2.vcxproj", "{B0B65B76-0521-4C3D-8BC3-39E2020A6A18}"
EndProject
Project("{8BC9CEB8-8B4A-11D0-8D11-00A0C91BC942}") = "Project3", "Project3\Project3.vcxproj", "{254BF7E5-FF4D-4F37-9E1B-463BADB843BD}"
EndProject
Project("{8BC9CEB8-8B4A-11D0-8D11-00A0C91BC942}") = "Project4", "Project4\Project4.vcxproj", "{262F1BEE-7C0D-4C67-A041-C7FC17B5B629}"
EndProject
Global
	GlobalSection(SolutionConfigurationPlatforms) = preSolution
		Debug|x64 = Debug|x64
		Debug|x86 = Debug|x86
		Release|x64 = Release|x64
		Release|x86 = Release|x86
	EndGlobalSection
	GlobalSection(ProjectConfigurationPlatforms) = postSolution
		{629E2654-677F-4550-A478-40AC5724E79F}.Debug|x64.ActiveCfg = Debug|x64
		{629E2654-677F-4550-A478-40AC5724E79F}.Debug|x64.Build.0 = Debug|x64
		{629E2654-677F-4550-A478-40AC5724E79F}.Debug|x86.ActiveCfg = Debug|Win32
		{629E2654-677F-4550-A478-40AC5724E79F}.Debug|x86.Build.0 = Debug|Win32
		{629E2654-677F-4550-A478-40AC5724E79F}.Release|x64.ActiveCfg = Release|x64
		{629E2654-677F-4550-A478-40AC5724E79F}.Release|x64.Build.0 = Release|x64
		{629E2654-677F-4550-A478-40AC5724E79F}.Release|x86.ActiveCfg = Release|Win32
		{629E2654-677F-4550-A478-40AC5724E79F}.Release|x86.Build.0 = Release|Win32
		{B0B65B76-0521-4C3D-8BC3-39E2020A6A18}.Debug|x64.ActiveCfg = Debug|x64
		{B0B65B76-0521-4C3D-8BC3-39E2020A6A18}.Debug|x64.Build.0 = Debug|x64
		{B0B65B76-0521-4C3D-8BC3-39E2020A6A18}.Debug|x86.ActiveCfg = Debug|Win32
		{B0B65B76-0521-4C3D-8BC3-39E2020A6A18}.Debug|x86.Build.0 = Debug|Win32
		{B0B65B76-0521-4C3D-8BC3-39E2020A6A18}.Release|x64.ActiveCfg = Release|x64
		{B0B65B76-0521-4C3D-8BC3-39E2020A6A18}.Release|x64.Build.0 = Release|x64
		{B0B65B76-0521-4C3D-8BC3-39E2020A6A18}.Release|x86.ActiveCfg = Release|Win32
		{B0B65B76-0521-4C3D-8BC3-39E2020A6A18}.Release|x86.Build.0 = Release|Win32
		{254BF7E5-FF4D-4F37-9E1B-463BADB843BD}.Debug|x64.ActiveCfg = Debug|x64
		{254BF7E5-FF4D-4F37-9E1B-463BADB843BD}.Debug|x64.Build.0 = Debug|x64
		{254BF7E5-FF4D-4F37-9E1B-463BADB843BD}.Debug|x86.ActiveCfg = Debug|Win32
		{254BF7E5-FF4D-4F37-9E1B-463BADB843BD}.Debug|x86.Build.0 = Debug|Win32
		{254BF7E5-FF4D-4F37-9E1B-463BADB843BD}.Release|x64.ActiveCfg = Release|x64
		{254BF7E5-FF4D-4F37-9E1B-463BADB843BD}.Release|x64.Build.0 = Release|x64
		{254BF7E5-FF4D-4F37-9E1B-463BADB843BD}.Release|x86.ActiveCfg = Release|Win32
		{254BF7E5-FF4D-4F37-9E1B-463BADB843BD}.Release|x86.Build.0 = Release|Win32
		{262F1BEE-7C0D-4C67-A041-C7FC17B5B629}.Debug|x64.ActiveCfg = Debug|x64
		{262F1BEE-7C0D-4C67-A041-C7FC17B5B629}.Debug|x64.Build.0 = Debug|x64
		{262F1BEE-7C0D-4C67-A041-C7FC17B5B629}.Debug|x86.ActiveCfg = Debug|Win32
		{262F1BEE-7C0D-4C67-A041-C7FC17B5B629}.Debug|x86.Build.0 = Debug|Win32
		{262F1BEE-7C0D-4C67-A041-C7FC17B5B629}.Release|x64.ActiveCfg = Release|x64
		{262F1BEE-7C0D-4C67-A041-C7FC17B5B629}.Release|x64.Build.0 = Release|x64
		{262F1BEE-7C0D-4C67-A041-C7FC17B5B629}.Release|x86.ActiveCfg = Release|Win32
		{262F1BEE-7C0D-4C67-A041-C7FC17B5B629}.Release|x86.Build.0 = Release|Win32
	EndGlobalSection
	GlobalSection(SolutionProperties) = preSolution
		HideSolutionNode = FALSE
	EndGlobalSection
	GlobalSection(ExtensibilityGlobals) = postSolution
		SolutionGuid = {420677D8-5AB1-4951-9803-030B296FC65F}
	EndGlobalSection
EndGlobal
