
Microsoft Visual Studio Solution File, Format Version 12.00
# Visual Studio Version 17
VisualStudioVersion = 17.3.32922.545
MinimumVisualStudioVersion = 10.0.40219.1
Project("{8BC9CEB8-8B4A-11D0-8D11-00A0C91BC942}") = "Project1", "Project1\Project1.vcxproj", "{51D3314F-C643-4E83-917B-45EC326DA297}"
EndProject
Project("{8BC9CEB8-8B4A-11D0-8D11-00A0C91BC942}") = "Project2", "Project2\Project2.vcxproj", "{5DB305DC-03A2-488D-B3B4-26653438B5DD}"
EndProject
Project("{8BC9CEB8-8B4A-11D0-8D11-00A0C91BC942}") = "Project3", "Project3\Project3.vcxproj", "{092B1BF7-240A-451A-820C-F202694970C1}"
EndProject
Project("{8BC9CEB8-8B4A-11D0-8D11-00A0C91BC942}") = "newProject3", "newProject3\newProject3.vcxproj", "{0F48CD5A-3241-4EDA-A926-4EDF50CE7A06}"
EndProject
Project("{8BC9CEB8-8B4A-11D0-8D11-00A0C91BC942}") = "newProject2", "newProject2\newProject2.vcxproj", "{85C2A892-300F-4C1A-8AC5-F66587F5ABE5}"
EndProject
Global
	GlobalSection(SolutionConfigurationPlatforms) = preSolution
		Debug|x64 = Debug|x64
		Debug|x86 = Debug|x86
		Release|x64 = Release|x64
		Release|x86 = Release|x86
	EndGlobalSection
	GlobalSection(ProjectConfigurationPlatforms) = postSolution
		{51D3314F-C643-4E83-917B-45EC326DA297}.Debug|x64.ActiveCfg = Debug|x64
		{51D3314F-C643-4E83-917B-45EC326DA297}.Debug|x64.Build.0 = Debug|x64
		{51D3314F-C643-4E83-917B-45EC326DA297}.Debug|x86.ActiveCfg = Debug|Win32
		{51D3314F-C643-4E83-917B-45EC326DA297}.Debug|x86.Build.0 = Debug|Win32
		{51D3314F-C643-4E83-917B-45EC326DA297}.Release|x64.ActiveCfg = Release|x64
		{51D3314F-C643-4E83-917B-45EC326DA297}.Release|x64.Build.0 = Release|x64
		{51D3314F-C643-4E83-917B-45EC326DA297}.Release|x86.ActiveCfg = Release|Win32
		{51D3314F-C643-4E83-917B-45EC326DA297}.Release|x86.Build.0 = Release|Win32
		{5DB305DC-03A2-488D-B3B4-26653438B5DD}.Debug|x64.ActiveCfg = Debug|x64
		{5DB305DC-03A2-488D-B3B4-26653438B5DD}.Debug|x64.Build.0 = Debug|x64
		{5DB305DC-03A2-488D-B3B4-26653438B5DD}.Debug|x86.ActiveCfg = Debug|Win32
		{5DB305DC-03A2-488D-B3B4-26653438B5DD}.Debug|x86.Build.0 = Debug|Win32
		{5DB305DC-03A2-488D-B3B4-26653438B5DD}.Release|x64.ActiveCfg = Release|x64
		{5DB305DC-03A2-488D-B3B4-26653438B5DD}.Release|x64.Build.0 = Release|x64
		{5DB305DC-03A2-488D-B3B4-26653438B5DD}.Release|x86.ActiveCfg = Release|Win32
		{5DB305DC-03A2-488D-B3B4-26653438B5DD}.Release|x86.Build.0 = Release|Win32
		{092B1BF7-240A-451A-820C-F202694970C1}.Debug|x64.ActiveCfg = Debug|x64
		{092B1BF7-240A-451A-820C-F202694970C1}.Debug|x64.Build.0 = Debug|x64
		{092B1BF7-240A-451A-820C-F202694970C1}.Debug|x86.ActiveCfg = Debug|Win32
		{092B1BF7-240A-451A-820C-F202694970C1}.Debug|x86.Build.0 = Debug|Win32
		{092B1BF7-240A-451A-820C-F202694970C1}.Release|x64.ActiveCfg = Release|x64
		{092B1BF7-240A-451A-820C-F202694970C1}.Release|x64.Build.0 = Release|x64
		{092B1BF7-240A-451A-820C-F202694970C1}.Release|x86.ActiveCfg = Release|Win32
		{092B1BF7-240A-451A-820C-F202694970C1}.Release|x86.Build.0 = Release|Win32
		{0F48CD5A-3241-4EDA-A926-4EDF50CE7A06}.Debug|x64.ActiveCfg = Debug|x64
		{0F48CD5A-3241-4EDA-A926-4EDF50CE7A06}.Debug|x64.Build.0 = Debug|x64
		{0F48CD5A-3241-4EDA-A926-4EDF50CE7A06}.Debug|x86.ActiveCfg = Debug|Win32
		{0F48CD5A-3241-4EDA-A926-4EDF50CE7A06}.Debug|x86.Build.0 = Debug|Win32
		{0F48CD5A-3241-4EDA-A926-4EDF50CE7A06}.Release|x64.ActiveCfg = Release|x64
		{0F48CD5A-3241-4EDA-A926-4EDF50CE7A06}.Release|x64.Build.0 = Release|x64
		{0F48CD5A-3241-4EDA-A926-4EDF50CE7A06}.Release|x86.ActiveCfg = Release|Win32
		{0F48CD5A-3241-4EDA-A926-4EDF50CE7A06}.Release|x86.Build.0 = Release|Win32
		{85C2A892-300F-4C1A-8AC5-F66587F5ABE5}.Debug|x64.ActiveCfg = Debug|x64
		{85C2A892-300F-4C1A-8AC5-F66587F5ABE5}.Debug|x64.Build.0 = Debug|x64
		{85C2A892-300F-4C1A-8AC5-F66587F5ABE5}.Debug|x86.ActiveCfg = Debug|Win32
		{85C2A892-300F-4C1A-8AC5-F66587F5ABE5}.Debug|x86.Build.0 = Debug|Win32
		{85C2A892-300F-4C1A-8AC5-F66587F5ABE5}.Release|x64.ActiveCfg = Release|x64
		{85C2A892-300F-4C1A-8AC5-F66587F5ABE5}.Release|x64.Build.0 = Release|x64
		{85C2A892-300F-4C1A-8AC5-F66587F5ABE5}.Release|x86.ActiveCfg = Release|Win32
		{85C2A892-300F-4C1A-8AC5-F66587F5ABE5}.Release|x86.Build.0 = Release|Win32
	EndGlobalSection
	GlobalSection(SolutionProperties) = preSolution
		HideSolutionNode = FALSE
	EndGlobalSection
	GlobalSection(ExtensibilityGlobals) = postSolution
		SolutionGuid = {35B83E0C-C4BA-4DFD-8F89-85599EEB2CE6}
	EndGlobalSection
EndGlobal
